
Microsoft Visual Studio Solution File, Format Version 12.00
# Visual Studio Version 17
VisualStudioVersion = 17.7.34024.191
MinimumVisualStudioVersion = 10.0.40219.1
Project("{8BC9CEB8-8B4A-11D0-8D11-00A0C91BC942}") = "06.10", "06.10\06.10.vcxproj", "{5ACCF138-552F-4918-B3D3-F30CE6D835AB}"
EndProject
Global
	GlobalSection(SolutionConfigurationPlatforms) = preSolution
		Debug|x64 = Debug|x64
		Debug|x86 = Debug|x86
		Release|x64 = Release|x64
		Release|x86 = Release|x86
	EndGlobalSection
	GlobalSection(ProjectConfigurationPlatforms) = postSolution
		{5ACCF138-552F-4918-B3D3-F30CE6D835AB}.Debug|x64.ActiveCfg = Debug|x64
		{5ACCF138-552F-4918-B3D3-F30CE6D835AB}.Debug|x64.Build.0 = Debug|x64
		{5ACCF138-552F-4918-B3D3-F30CE6D835AB}.Debug|x86.ActiveCfg = Debug|Win32
		{5ACCF138-552F-4918-B3D3-F30CE6D835AB}.Debug|x86.Build.0 = Debug|Win32
		{5ACCF138-552F-4918-B3D3-F30CE6D835AB}.Release|x64.ActiveCfg = Release|x64
		{5ACCF138-552F-4918-B3D3-F30CE6D835AB}.Release|x64.Build.0 = Release|x64
		{5ACCF138-552F-4918-B3D3-F30CE6D835AB}.Release|x86.ActiveCfg = Release|Win32
		{5ACCF138-552F-4918-B3D3-F30CE6D835AB}.Release|x86.Build.0 = Release|Win32
	EndGlobalSection
	GlobalSection(SolutionProperties) = preSolution
		HideSolutionNode = FALSE
	EndGlobalSection
	GlobalSection(ExtensibilityGlobals) = postSolution
		SolutionGuid = {EE183857-0D7B-422C-883B-FB14945D113A}
	EndGlobalSection
EndGlobal
